
Microsoft Visual Studio Solution File, Format Version 12.00
# Visual Studio 15
VisualStudioVersion = 15.0.26124.0
MinimumVisualStudioVersion = 15.0.26124.0
Project("{9A19103F-16F7-4668-BE54-9A1E7A4F7556}") = "Image.Api", "services\Image.Api\Image.Api.csproj", "{9FA3CE51-BC16-484C-BE19-1475F15656D9}"
EndProject
Project("{9A19103F-16F7-4668-BE54-9A1E7A4F7556}") = "ImageIndexer", "services\ImageIndexer\ImageIndexer.csproj", "{11DA3C40-5E05-4993-BAAE-7AE99ED428C0}"
EndProject
Project("{9A19103F-16F7-4668-BE54-9A1E7A4F7556}") = "ImageRetrieval", "services\ImageRetrieval\ImageRetrieval.csproj", "{C51BE0E2-CB35-4A1E-A686-17A26AE3567B}"
EndProject
Project("{2150E333-8FDC-42A3-9474-1A3956D46DE8}") = "shared", "shared", "{2F5B1E41-E5C2-4B9D-A657-F89876FC7B76}"
EndProject
Project("{9A19103F-16F7-4668-BE54-9A1E7A4F7556}") = "ImageIndexer.Model", "services\shared\ImageIndexer.Model\ImageIndexer.Model.csproj", "{159DD370-8047-46B4-907F-DBF32DF0DAE8}"
EndProject
Project("{2150E333-8FDC-42A3-9474-1A3956D46DE8}") = "Solution Items", "Solution Items", "{AB8D8EB4-BF1E-4F48-AC1A-01603E452FBF}"
	ProjectSection(SolutionItems) = preProject
		docker-compose.yml = docker-compose.yml
	EndProjectSection
EndProject
Global
	GlobalSection(SolutionConfigurationPlatforms) = preSolution
		Debug|Any CPU = Debug|Any CPU
		Debug|x64 = Debug|x64
		Debug|x86 = Debug|x86
		Release|Any CPU = Release|Any CPU
		Release|x64 = Release|x64
		Release|x86 = Release|x86
	EndGlobalSection
	GlobalSection(ProjectConfigurationPlatforms) = postSolution
		{9FA3CE51-BC16-484C-BE19-1475F15656D9}.Debug|Any CPU.ActiveCfg = Debug|Any CPU
		{9FA3CE51-BC16-484C-BE19-1475F15656D9}.Debug|Any CPU.Build.0 = Debug|Any CPU
		{9FA3CE51-BC16-484C-BE19-1475F15656D9}.Debug|x64.ActiveCfg = Debug|Any CPU
		{9FA3CE51-BC16-484C-BE19-1475F15656D9}.Debug|x64.Build.0 = Debug|Any CPU
		{9FA3CE51-BC16-484C-BE19-1475F15656D9}.Debug|x86.ActiveCfg = Debug|Any CPU
		{9FA3CE51-BC16-484C-BE19-1475F15656D9}.Debug|x86.Build.0 = Debug|Any CPU
		{9FA3CE51-BC16-484C-BE19-1475F15656D9}.Release|Any CPU.ActiveCfg = Release|Any CPU
		{9FA3CE51-BC16-484C-BE19-1475F15656D9}.Release|Any CPU.Build.0 = Release|Any CPU
		{9FA3CE51-BC16-484C-BE19-1475F15656D9}.Release|x64.ActiveCfg = Release|Any CPU
		{9FA3CE51-BC16-484C-BE19-1475F15656D9}.Release|x64.Build.0 = Release|Any CPU
		{9FA3CE51-BC16-484C-BE19-1475F15656D9}.Release|x86.ActiveCfg = Release|Any CPU
		{9FA3CE51-BC16-484C-BE19-1475F15656D9}.Release|x86.Build.0 = Release|Any CPU
		{11DA3C40-5E05-4993-BAAE-7AE99ED428C0}.Debug|Any CPU.ActiveCfg = Debug|Any CPU
		{11DA3C40-5E05-4993-BAAE-7AE99ED428C0}.Debug|Any CPU.Build.0 = Debug|Any CPU
		{11DA3C40-5E05-4993-BAAE-7AE99ED428C0}.Debug|x64.ActiveCfg = Debug|Any CPU
		{11DA3C40-5E05-4993-BAAE-7AE99ED428C0}.Debug|x64.Build.0 = Debug|Any CPU
		{11DA3C40-5E05-4993-BAAE-7AE99ED428C0}.Debug|x86.ActiveCfg = Debug|Any CPU
		{11DA3C40-5E05-4993-BAAE-7AE99ED428C0}.Debug|x86.Build.0 = Debug|Any CPU
		{11DA3C40-5E05-4993-BAAE-7AE99ED428C0}.Release|Any CPU.ActiveCfg = Release|Any CPU
		{11DA3C40-5E05-4993-BAAE-7AE99ED428C0}.Release|Any CPU.Build.0 = Release|Any CPU
		{11DA3C40-5E05-4993-BAAE-7AE99ED428C0}.Release|x64.ActiveCfg = Release|Any CPU
		{11DA3C40-5E05-4993-BAAE-7AE99ED428C0}.Release|x64.Build.0 = Release|Any CPU
		{11DA3C40-5E05-4993-BAAE-7AE99ED428C0}.Release|x86.ActiveCfg = Release|Any CPU
		{11DA3C40-5E05-4993-BAAE-7AE99ED428C0}.Release|x86.Build.0 = Release|Any CPU
		{C51BE0E2-CB35-4A1E-A686-17A26AE3567B}.Debug|Any CPU.ActiveCfg = Debug|Any CPU
		{C51BE0E2-CB35-4A1E-A686-17A26AE3567B}.Debug|Any CPU.Build.0 = Debug|Any CPU
		{C51BE0E2-CB35-4A1E-A686-17A26AE3567B}.Debug|x64.ActiveCfg = Debug|Any CPU
		{C51BE0E2-CB35-4A1E-A686-17A26AE3567B}.Debug|x64.Build.0 = Debug|Any CPU
		{C51BE0E2-CB35-4A1E-A686-17A26AE3567B}.Debug|x86.ActiveCfg = Debug|Any CPU
		{C51BE0E2-CB35-4A1E-A686-17A26AE3567B}.Debug|x86.Build.0 = Debug|Any CPU
		{C51BE0E2-CB35-4A1E-A686-17A26AE3567B}.Release|Any CPU.ActiveCfg = Release|Any CPU
		{C51BE0E2-CB35-4A1E-A686-17A26AE3567B}.Release|Any CPU.Build.0 = Release|Any CPU
		{C51BE0E2-CB35-4A1E-A686-17A26AE3567B}.Release|x64.ActiveCfg = Release|Any CPU
		{C51BE0E2-CB35-4A1E-A686-17A26AE3567B}.Release|x64.Build.0 = Release|Any CPU
		{C51BE0E2-CB35-4A1E-A686-17A26AE3567B}.Release|x86.ActiveCfg = Release|Any CPU
		{C51BE0E2-CB35-4A1E-A686-17A26AE3567B}.Release|x86.Build.0 = Release|Any CPU
		{159DD370-8047-46B4-907F-DBF32DF0DAE8}.Debug|Any CPU.ActiveCfg = Debug|Any CPU
		{159DD370-8047-46B4-907F-DBF32DF0DAE8}.Debug|Any CPU.Build.0 = Debug|Any CPU
		{159DD370-8047-46B4-907F-DBF32DF0DAE8}.Debug|x64.ActiveCfg = Debug|Any CPU
		{159DD370-8047-46B4-907F-DBF32DF0DAE8}.Debug|x64.Build.0 = Debug|Any CPU
		{159DD370-8047-46B4-907F-DBF32DF0DAE8}.Debug|x86.ActiveCfg = Debug|Any CPU
		{159DD370-8047-46B4-907F-DBF32DF0DAE8}.Debug|x86.Build.0 = Debug|Any CPU
		{159DD370-8047-46B4-907F-DBF32DF0DAE8}.Release|Any CPU.ActiveCfg = Release|Any CPU
		{159DD370-8047-46B4-907F-DBF32DF0DAE8}.Release|Any CPU.Build.0 = Release|Any CPU
		{159DD370-8047-46B4-907F-DBF32DF0DAE8}.Release|x64.ActiveCfg = Release|Any CPU
		{159DD370-8047-46B4-907F-DBF32DF0DAE8}.Release|x64.Build.0 = Release|Any CPU
		{159DD370-8047-46B4-907F-DBF32DF0DAE8}.Release|x86.ActiveCfg = Release|Any CPU
		{159DD370-8047-46B4-907F-DBF32DF0DAE8}.Release|x86.Build.0 = Release|Any CPU
	EndGlobalSection
	GlobalSection(SolutionProperties) = preSolution
		HideSolutionNode = FALSE
	EndGlobalSection
	GlobalSection(NestedProjects) = preSolution
		{159DD370-8047-46B4-907F-DBF32DF0DAE8} = {2F5B1E41-E5C2-4B9D-A657-F89876FC7B76}
	EndGlobalSection
	GlobalSection(ExtensibilityGlobals) = postSolution
		SolutionGuid = {96391535-58CF-4B8C-8672-D8EB79830CBF}
	EndGlobalSection
EndGlobal
